{
  "originHash" : "5122af4e7f6778c32067cc948f7fccfdca795e30f8e3e8b16a8406e51ac1ed68",
  "pins" : [
    {
      "identity" : "componentkit",
      "kind" : "remoteSourceControl",
      "location" : "git@github.com:cxcarvaj/ComponentKit.git",
      "state" : {
        "revision" : "0763f48a842727a7be1c526de4eb06d02d7da1e5",
        "version" : "0.1.6"
      }
    }
  ],
  "version" : 3
}
